
Microsoft Visual Studio Solution File, Format Version 12.00
# Visual Studio Version 16
VisualStudioVersion = 16.0.33214.272
MinimumVisualStudioVersion = 10.0.40219.1
Project("{FAE04EC0-301F-11D3-BF4B-00C04F79EFBC}") = "MasterCatalog", "MasterCatalog\MasterCatalog.csproj", "{63065E0A-78A4-4982-B588-18375F441DBF}"
EndProject
Global
	GlobalSection(SolutionConfigurationPlatforms) = preSolution
		Debug|Any CPU = Debug|Any CPU
		Release|Any CPU = Release|Any CPU
	EndGlobalSection
	GlobalSection(ProjectConfigurationPlatforms) = postSolution
		{63065E0A-78A4-4982-B588-18375F441DBF}.Debug|Any CPU.ActiveCfg = Debug|Any CPU
		{63065E0A-78A4-4982-B588-18375F441DBF}.Debug|Any CPU.Build.0 = Debug|Any CPU
		{63065E0A-78A4-4982-B588-18375F441DBF}.Release|Any CPU.ActiveCfg = Release|Any CPU
		{63065E0A-78A4-4982-B588-18375F441DBF}.Release|Any CPU.Build.0 = Release|Any CPU
	EndGlobalSection
	GlobalSection(SolutionProperties) = preSolution
		HideSolutionNode = FALSE
	EndGlobalSection
	GlobalSection(ExtensibilityGlobals) = postSolution
		SolutionGuid = {9380EA8A-C523-48F4-981E-2D9D201CEFDD}
	EndGlobalSection
EndGlobal
